schema: '2.0'
stages:
  make_dataset:
    cmd: python .\src\data\make_dataset.py .\data\raw\creditcard.csv
    deps:
    - path: .\data\raw\creditcard.csv
      hash: md5
      md5: b9b8f6db863399fcb89b0f103a82bfa4
      size: 150828222
    - path: .\src\data\make_dataset.py
      hash: md5
      md5: f73df7ea4addceb1671e14fb66a0e2f7
      size: 1767
    params:
      params.yaml:
        make_dataset.seed: 2023
        make_dataset.test_split: 0.2
    outs:
    - path: .\data\processed\
      hash: md5
      md5: 5d5d733c83f1be9c48b6a0be088036ba.dir
      size: 151101997
      nfiles: 2
  train_model:
    cmd: python .\src\models\train_model.py .\data\processed\
    deps:
    - path: .\data\processed\
      hash: md5
      md5: 5d5d733c83f1be9c48b6a0be088036ba.dir
      size: 151101997
      nfiles: 2
    - path: .\src\models\train_model.py
      hash: md5
      md5: 1a91c841398ba6f266640cb26871ed60
      size: 1555
    outs:
    - path: .\models\
      hash: md5
      md5: b94a9c2b5a426434baf64595b316606a.dir
      size: 20137
      nfiles: 1
  visualize:
    cmd: python .\src\visualization\visualize.py .\models\model.joblib .\data\processed\
    deps:
    - path: .\data\processed\
      hash: md5
      md5: 5d5d733c83f1be9c48b6a0be088036ba.dir
      size: 151101997
      nfiles: 2
    - path: .\models\model.joblib
      hash: md5
      md5: 5cdc35020fa4afd908975304aba0cc31
      size: 20137
    - path: .\src\visualization\visualize.py
      hash: md5
      md5: c7184afeba294dfb64a1c41765b37cdd
      size: 4167
    outs:
    - path: dvclive
      hash: md5
      md5: 3727e66fb1c829c2140d04757bf92639.dir
      size: 18618350
      nfiles: 8
